// !$*UTF8*$!
{
	archiveVersion = 1;
	classes = {
	};
	objectVersion = 50;
	objects = {

/* Begin PBXBuildFile section */
		18464CB52A1CE2EC00DF5A00 /* ReportsMenuBar.swift in Sources */ = {isa = PBXBuildFile; fileRef = 18464CB32A1CE2EC00DF5A00 /* ReportsMenuBar.swift */; };
		18464CB62A1CE2EC00DF5A00 /* BasicInfo.swift in Sources */ = {isa = PBXBuildFile; fileRef = 18464CB42A1CE2EC00DF5A00 /* BasicInfo.swift */; };
		18464CBB2A1CE4EC00DF5A00 /* Assets.xcassets in Resources */ = {isa = PBXBuildFile; fileRef = 18464CBA2A1CE4EC00DF5A00 /* Assets.xcassets */; };
		18473DF12A29CB41001572FD /* LoginView.swift in Sources */ = {isa = PBXBuildFile; fileRef = 18473DF02A29CB41001572FD /* LoginView.swift */; };
		18473DF52A29D0A4001572FD /* HomeView.swift in Sources */ = {isa = PBXBuildFile; fileRef = 18473DF42A29D0A4001572FD /* HomeView.swift */; };
		18483C102A1DEB6E00CB2CF2 /* Pending-MakeReportView.swift in Sources */ = {isa = PBXBuildFile; fileRef = 18483C0F2A1DEB6E00CB2CF2 /* Pending-MakeReportView.swift */; };
		18483C1B2A1E1DC400CB2CF2 /* SideMenuViewModel.swift in Sources */ = {isa = PBXBuildFile; fileRef = 18483C1A2A1E1DC400CB2CF2 /* SideMenuViewModel.swift */; };
		18483C1E2A1E1DCC00CB2CF2 /* SideMenuView.swift in Sources */ = {isa = PBXBuildFile; fileRef = 18483C1D2A1E1DCC00CB2CF2 /* SideMenuView.swift */; };
		1850C4092A2CB1AD005F5DF6 /* RoundedCorner.swift in Sources */ = {isa = PBXBuildFile; fileRef = 1850C4082A2CB1AD005F5DF6 /* RoundedCorner.swift */; };
		FA23ABEF2A2493F800A61FE4 /* BasicInfoView.swift in Sources */ = {isa = PBXBuildFile; fileRef = FA23ABEE2A2493F800A61FE4 /* BasicInfoView.swift */; };
		FA23ABF22A24A28200A61FE4 /* BasicInfoViewModel.swift in Sources */ = {isa = PBXBuildFile; fileRef = FA23ABF12A24A28200A61FE4 /* BasicInfoViewModel.swift */; };
		FA596CC32A14B7BD004B20C1 /* Colors.swift in Sources */ = {isa = PBXBuildFile; fileRef = FA596CC22A14B7BC004B20C1 /* Colors.swift */; };
		FAD4F9022A272284000B061A /* AccordionDetails.swift in Sources */ = {isa = PBXBuildFile; fileRef = FAD4F9012A272284000B061A /* AccordionDetails.swift */; };
		FAD4F9052A273D55000B061A /* SideMenuOptionRowView.swift in Sources */ = {isa = PBXBuildFile; fileRef = FAD4F9042A273D55000B061A /* SideMenuOptionRowView.swift */; };
		FAEA858F2A0E2269008CE020 /* DTSAppApp.swift in Sources */ = {isa = PBXBuildFile; fileRef = FAEA858E2A0E2269008CE020 /* DTSAppApp.swift */; };
		FAEA85912A0E2269008CE020 /* ContentView.swift in Sources */ = {isa = PBXBuildFile; fileRef = FAEA85902A0E2269008CE020 /* ContentView.swift */; };
		FAEA85962A0E2276008CE020 /* Preview Assets.xcassets in Resources */ = {isa = PBXBuildFile; fileRef = FAEA85952A0E2276008CE020 /* Preview Assets.xcassets */; };
		FAEA85A02A0E22F3008CE020 /* PendingView.swift in Sources */ = {isa = PBXBuildFile; fileRef = FAEA859F2A0E22F3008CE020 /* PendingView.swift */; };
		FAEA9B2E2A1B4F970036700B /* Remarks.swift in Sources */ = {isa = PBXBuildFile; fileRef = FAEA9B2D2A1B4F970036700B /* Remarks.swift */; };
		FAEA9B3A2A1B55270036700B /* TabsViewModel.swift in Sources */ = {isa = PBXBuildFile; fileRef = FAEA9B392A1B55270036700B /* TabsViewModel.swift */; };
		FAF916682A25DC15006EEBF8 /* ContactInfoView.swift in Sources */ = {isa = PBXBuildFile; fileRef = FAF916672A25DC15006EEBF8 /* ContactInfoView.swift */; };
		FAF9166B2A25DC4E006EEBF8 /* ContactInfoViewModel.swift in Sources */ = {isa = PBXBuildFile; fileRef = FAF9166A2A25DC4E006EEBF8 /* ContactInfoViewModel.swift */; };
		FAF9166E2A25E1CB006EEBF8 /* LegalInfoView.swift in Sources */ = {isa = PBXBuildFile; fileRef = FAF9166D2A25E1CB006EEBF8 /* LegalInfoView.swift */; };
		FAF916712A25E1DF006EEBF8 /* LegalInfoViewModel.swift in Sources */ = {isa = PBXBuildFile; fileRef = FAF916702A25E1DF006EEBF8 /* LegalInfoViewModel.swift */; };
		FAF916742A25E64E006EEBF8 /* PendingViewModel.swift in Sources */ = {isa = PBXBuildFile; fileRef = FAF916732A25E64E006EEBF8 /* PendingViewModel.swift */; };
/* End PBXBuildFile section */

/* Begin PBXFileReference section */
		18464CB32A1CE2EC00DF5A00 /* ReportsMenuBar.swift */ = {isa = PBXFileReference; fileEncoding = 4; lastKnownFileType = sourcecode.swift; path = ReportsMenuBar.swift; sourceTree = "<group>"; };
		18464CB42A1CE2EC00DF5A00 /* BasicInfo.swift */ = {isa = PBXFileReference; fileEncoding = 4; lastKnownFileType = sourcecode.swift; path = BasicInfo.swift; sourceTree = "<group>"; };
		18464CBA2A1CE4EC00DF5A00 /* Assets.xcassets */ = {isa = PBXFileReference; lastKnownFileType = folder.assetcatalog; path = Assets.xcassets; sourceTree = "<group>"; };
		18473DF02A29CB41001572FD /* LoginView.swift */ = {isa = PBXFileReference; lastKnownFileType = sourcecode.swift; path = LoginView.swift; sourceTree = "<group>"; };
		18473DF42A29D0A4001572FD /* HomeView.swift */ = {isa = PBXFileReference; lastKnownFileType = sourcecode.swift; path = HomeView.swift; sourceTree = "<group>"; };
		18483C0F2A1DEB6E00CB2CF2 /* Pending-MakeReportView.swift */ = {isa = PBXFileReference; fileEncoding = 4; lastKnownFileType = sourcecode.swift; path = "Pending-MakeReportView.swift"; sourceTree = "<group>"; };
		18483C1A2A1E1DC400CB2CF2 /* SideMenuViewModel.swift */ = {isa = PBXFileReference; fileEncoding = 4; lastKnownFileType = sourcecode.swift; path = SideMenuViewModel.swift; sourceTree = "<group>"; };
		18483C1D2A1E1DCC00CB2CF2 /* SideMenuView.swift */ = {isa = PBXFileReference; fileEncoding = 4; lastKnownFileType = sourcecode.swift; path = SideMenuView.swift; sourceTree = "<group>"; };
		1850C4082A2CB1AD005F5DF6 /* RoundedCorner.swift */ = {isa = PBXFileReference; lastKnownFileType = sourcecode.swift; path = RoundedCorner.swift; sourceTree = "<group>"; };
		FA23ABEE2A2493F800A61FE4 /* BasicInfoView.swift */ = {isa = PBXFileReference; lastKnownFileType = sourcecode.swift; path = BasicInfoView.swift; sourceTree = "<group>"; };
		FA23ABF12A24A28200A61FE4 /* BasicInfoViewModel.swift */ = {isa = PBXFileReference; lastKnownFileType = sourcecode.swift; path = BasicInfoViewModel.swift; sourceTree = "<group>"; };
		FA596CC22A14B7BC004B20C1 /* Colors.swift */ = {isa = PBXFileReference; lastKnownFileType = sourcecode.swift; path = Colors.swift; sourceTree = "<group>"; };
		FAD4F9012A272284000B061A /* AccordionDetails.swift */ = {isa = PBXFileReference; lastKnownFileType = sourcecode.swift; path = AccordionDetails.swift; sourceTree = "<group>"; };
		FAD4F9042A273D55000B061A /* SideMenuOptionRowView.swift */ = {isa = PBXFileReference; lastKnownFileType = sourcecode.swift; path = SideMenuOptionRowView.swift; sourceTree = "<group>"; };
		FAEA858B2A0E2269008CE020 /* DTSApp.app */ = {isa = PBXFileReference; explicitFileType = wrapper.application; includeInIndex = 0; path = DTSApp.app; sourceTree = BUILT_PRODUCTS_DIR; };
		FAEA858E2A0E2269008CE020 /* DTSAppApp.swift */ = {isa = PBXFileReference; lastKnownFileType = sourcecode.swift; path = DTSAppApp.swift; sourceTree = "<group>"; };
		FAEA85902A0E2269008CE020 /* ContentView.swift */ = {isa = PBXFileReference; lastKnownFileType = sourcecode.swift; path = ContentView.swift; sourceTree = "<group>"; };
		FAEA85952A0E2276008CE020 /* Preview Assets.xcassets */ = {isa = PBXFileReference; lastKnownFileType = folder.assetcatalog; path = "Preview Assets.xcassets"; sourceTree = "<group>"; };
		FAEA85972A0E2276008CE020 /* Info.plist */ = {isa = PBXFileReference; lastKnownFileType = text.plist.xml; path = Info.plist; sourceTree = "<group>"; };
		FAEA859F2A0E22F3008CE020 /* PendingView.swift */ = {isa = PBXFileReference; lastKnownFileType = sourcecode.swift; path = PendingView.swift; sourceTree = "<group>"; };
		FAEA9B2D2A1B4F970036700B /* Remarks.swift */ = {isa = PBXFileReference; lastKnownFileType = sourcecode.swift; path = Remarks.swift; sourceTree = "<group>"; };
		FAEA9B392A1B55270036700B /* TabsViewModel.swift */ = {isa = PBXFileReference; lastKnownFileType = sourcecode.swift; path = TabsViewModel.swift; sourceTree = "<group>"; };
		FAF916672A25DC15006EEBF8 /* ContactInfoView.swift */ = {isa = PBXFileReference; lastKnownFileType = sourcecode.swift; path = ContactInfoView.swift; sourceTree = "<group>"; };
		FAF9166A2A25DC4E006EEBF8 /* ContactInfoViewModel.swift */ = {isa = PBXFileReference; lastKnownFileType = sourcecode.swift; path = ContactInfoViewModel.swift; sourceTree = "<group>"; };
		FAF9166D2A25E1CB006EEBF8 /* LegalInfoView.swift */ = {isa = PBXFileReference; lastKnownFileType = sourcecode.swift; path = LegalInfoView.swift; sourceTree = "<group>"; };
		FAF916702A25E1DF006EEBF8 /* LegalInfoViewModel.swift */ = {isa = PBXFileReference; lastKnownFileType = sourcecode.swift; path = LegalInfoViewModel.swift; sourceTree = "<group>"; };
		FAF916732A25E64E006EEBF8 /* PendingViewModel.swift */ = {isa = PBXFileReference; lastKnownFileType = sourcecode.swift; path = PendingViewModel.swift; sourceTree = "<group>"; };
/* End PBXFileReference section */

/* Begin PBXFrameworksBuildPhase section */
		FAEA85882A0E2269008CE020 /* Frameworks */ = {
			isa = PBXFrameworksBuildPhase;
			buildActionMask = 2147483647;
			files = (
			);
			runOnlyForDeploymentPostprocessing = 0;
		};
/* End PBXFrameworksBuildPhase section */

/* Begin PBXGroup section */
		18464CB22A1CE2DF00DF5A00 /* Components */ = {
			isa = PBXGroup;
			children = (
				18464CB42A1CE2EC00DF5A00 /* BasicInfo.swift */,
				18464CB32A1CE2EC00DF5A00 /* ReportsMenuBar.swift */,
				FAD4F9012A272284000B061A /* AccordionDetails.swift */,
			);
			path = Components;
			sourceTree = "<group>";
		};
		18473DEF2A29CB01001572FD /* Home */ = {
			isa = PBXGroup;
			children = (
				18473DF02A29CB41001572FD /* LoginView.swift */,
				18473DF42A29D0A4001572FD /* HomeView.swift */,
			);
			path = Home;
			sourceTree = "<group>";
		};
		18483C172A1E1D9F00CB2CF2 /* SideMenu */ = {
			isa = PBXGroup;
			children = (
				18483C192A1E1DB700CB2CF2 /* ViewModel */,
				18483C182A1E1DAB00CB2CF2 /* View */,
			);
			path = SideMenu;
			sourceTree = "<group>";
		};
		18483C182A1E1DAB00CB2CF2 /* View */ = {
			isa = PBXGroup;
			children = (
				18483C1D2A1E1DCC00CB2CF2 /* SideMenuView.swift */,
				FAD4F9042A273D55000B061A /* SideMenuOptionRowView.swift */,
			);
			path = View;
			sourceTree = "<group>";
		};
		18483C192A1E1DB700CB2CF2 /* ViewModel */ = {
			isa = PBXGroup;
			children = (
				18483C1A2A1E1DC400CB2CF2 /* SideMenuViewModel.swift */,
			);
			path = ViewModel;
			sourceTree = "<group>";
		};
		FA596CC12A14B79D004B20C1 /* Extension */ = {
			isa = PBXGroup;
			children = (
				FA596CC22A14B7BC004B20C1 /* Colors.swift */,
				1850C4082A2CB1AD005F5DF6 /* RoundedCorner.swift */,
			);
			path = Extension;
			sourceTree = "<group>";
		};
		FAEA85822A0E2269008CE020 = {
			isa = PBXGroup;
			children = (
				FAEA858D2A0E2269008CE020 /* DTSApp */,
				FAEA858C2A0E2269008CE020 /* Products */,
			);
			sourceTree = "<group>";
		};
		FAEA858C2A0E2269008CE020 /* Products */ = {
			isa = PBXGroup;
			children = (
				FAEA858B2A0E2269008CE020 /* DTSApp.app */,
			);
			name = Products;
			sourceTree = "<group>";
		};
		FAEA858D2A0E2269008CE020 /* DTSApp */ = {
			isa = PBXGroup;
			children = (
				FA596CC12A14B79D004B20C1 /* Extension */,
				18483C172A1E1D9F00CB2CF2 /* SideMenu */,
				18473DEF2A29CB01001572FD /* Home */,
				FAEA859E2A0E22D8008CE020 /* Applications */,
				FAEA858E2A0E2269008CE020 /* DTSAppApp.swift */,
				FAEA85902A0E2269008CE020 /* ContentView.swift */,
				18464CBA2A1CE4EC00DF5A00 /* Assets.xcassets */,
				FAEA85972A0E2276008CE020 /* Info.plist */,
				FAEA85942A0E2276008CE020 /* Preview Content */,
			);
			path = DTSApp;
			sourceTree = "<group>";
		};
		FAEA85942A0E2276008CE020 /* Preview Content */ = {
			isa = PBXGroup;
			children = (
				FAEA85952A0E2276008CE020 /* Preview Assets.xcassets */,
			);
			path = "Preview Content";
			sourceTree = "<group>";
		};
		FAEA859E2A0E22D8008CE020 /* Applications */ = {
			isa = PBXGroup;
			children = (
				FAEA9B302A1B4FC90036700B /* Pending */,
			);
			path = Applications;
			sourceTree = "<group>";
		};
		FAEA9B262A1B4F300036700B /* ViewModel */ = {
			isa = PBXGroup;
			children = (
				FAEA9B392A1B55270036700B /* TabsViewModel.swift */,
				FAF916732A25E64E006EEBF8 /* PendingViewModel.swift */,
				FA23ABF12A24A28200A61FE4 /* BasicInfoViewModel.swift */,
				FAF9166A2A25DC4E006EEBF8 /* ContactInfoViewModel.swift */,
				FAF916702A25E1DF006EEBF8 /* LegalInfoViewModel.swift */,
			);
			path = ViewModel;
			sourceTree = "<group>";
		};
		FAEA9B272A1B4F430036700B /* Views */ = {
			isa = PBXGroup;
			children = (
				FAEA859F2A0E22F3008CE020 /* PendingView.swift */,
				FAEA9B2D2A1B4F970036700B /* Remarks.swift */,
				18483C0F2A1DEB6E00CB2CF2 /* Pending-MakeReportView.swift */,
				FA23ABEE2A2493F800A61FE4 /* BasicInfoView.swift */,
				FAF916672A25DC15006EEBF8 /* ContactInfoView.swift */,
				FAF9166D2A25E1CB006EEBF8 /* LegalInfoView.swift */,
			);
			path = Views;
			sourceTree = "<group>";
		};
		FAEA9B302A1B4FC90036700B /* Pending */ = {
			isa = PBXGroup;
			children = (
				18464CB22A1CE2DF00DF5A00 /* Components */,
				FAEA9B262A1B4F300036700B /* ViewModel */,
				FAEA9B272A1B4F430036700B /* Views */,
			);
			path = Pending;
			sourceTree = "<group>";
		};
/* End PBXGroup section */

/* Begin PBXNativeTarget section */
		FAEA858A2A0E2269008CE020 /* DTSApp */ = {
			isa = PBXNativeTarget;
			buildConfigurationList = FAEA859A2A0E2276008CE020 /* Build configuration list for PBXNativeTarget "DTSApp" */;
			buildPhases = (
				FAEA85872A0E2269008CE020 /* Sources */,
				FAEA85882A0E2269008CE020 /* Frameworks */,
				FAEA85892A0E2269008CE020 /* Resources */,
			);
			buildRules = (
			);
			dependencies = (
			);
			name = DTSApp;
			productName = DTSApp;
			productReference = FAEA858B2A0E2269008CE020 /* DTSApp.app */;
			productType = "com.apple.product-type.application";
		};
/* End PBXNativeTarget section */

/* Begin PBXProject section */
		FAEA85832A0E2269008CE020 /* Project object */ = {
			isa = PBXProject;
			attributes = {
				LastSwiftUpdateCheck = 1240;
				LastUpgradeCheck = 1240;
				TargetAttributes = {
					FAEA858A2A0E2269008CE020 = {
						CreatedOnToolsVersion = 12.4;
					};
				};
			};
			buildConfigurationList = FAEA85862A0E2269008CE020 /* Build configuration list for PBXProject "DTSApp" */;
			compatibilityVersion = "Xcode 9.3";
			developmentRegion = en;
			hasScannedForEncodings = 0;
			knownRegions = (
				en,
				Base,
			);
			mainGroup = FAEA85822A0E2269008CE020;
			productRefGroup = FAEA858C2A0E2269008CE020 /* Products */;
			projectDirPath = "";
			projectRoot = "";
			targets = (
				FAEA858A2A0E2269008CE020 /* DTSApp */,
			);
		};
/* End PBXProject section */

/* Begin PBXResourcesBuildPhase section */
		FAEA85892A0E2269008CE020 /* Resources */ = {
			isa = PBXResourcesBuildPhase;
			buildActionMask = 2147483647;
			files = (
				18464CBB2A1CE4EC00DF5A00 /* Assets.xcassets in Resources */,
				FAEA85962A0E2276008CE020 /* Preview Assets.xcassets in Resources */,
			);
			runOnlyForDeploymentPostprocessing = 0;
		};
/* End PBXResourcesBuildPhase section */

/* Begin PBXSourcesBuildPhase section */
		FAEA85872A0E2269008CE020 /* Sources */ = {
			isa = PBXSourcesBuildPhase;
			buildActionMask = 2147483647;
			files = (
				FAD4F9052A273D55000B061A /* SideMenuOptionRowView.swift in Sources */,
				18483C102A1DEB6E00CB2CF2 /* Pending-MakeReportView.swift in Sources */,
				FAF9166B2A25DC4E006EEBF8 /* ContactInfoViewModel.swift in Sources */,
				FAF916682A25DC15006EEBF8 /* ContactInfoView.swift in Sources */,
				18464CB62A1CE2EC00DF5A00 /* BasicInfo.swift in Sources */,
				18473DF52A29D0A4001572FD /* HomeView.swift in Sources */,
				18464CB52A1CE2EC00DF5A00 /* ReportsMenuBar.swift in Sources */,
				1850C4092A2CB1AD005F5DF6 /* RoundedCorner.swift in Sources */,
				FAF916712A25E1DF006EEBF8 /* LegalInfoViewModel.swift in Sources */,
				FA23ABF22A24A28200A61FE4 /* BasicInfoViewModel.swift in Sources */,
				FAEA85912A0E2269008CE020 /* ContentView.swift in Sources */,
				18483C1E2A1E1DCC00CB2CF2 /* SideMenuView.swift in Sources */,
				FA596CC32A14B7BD004B20C1 /* Colors.swift in Sources */,
				FAEA85A02A0E22F3008CE020 /* PendingView.swift in Sources */,
				FAF9166E2A25E1CB006EEBF8 /* LegalInfoView.swift in Sources */,
				FAF916742A25E64E006EEBF8 /* PendingViewModel.swift in Sources */,
				FAEA9B3A2A1B55270036700B /* TabsViewModel.swift in Sources */,
				18473DF12A29CB41001572FD /* LoginView.swift in Sources */,
				FAEA858F2A0E2269008CE020 /* DTSAppApp.swift in Sources */,
				FAD4F9022A272284000B061A /* AccordionDetails.swift in Sources */,
				18483C1B2A1E1DC400CB2CF2 /* SideMenuViewModel.swift in Sources */,
				FAEA9B2E2A1B4F970036700B /* Remarks.swift in Sources */,
				FA23ABEF2A2493F800A61FE4 /* BasicInfoView.swift in Sources */,
			);
			runOnlyForDeploymentPostprocessing = 0;
		};
/* End PBXSourcesBuildPhase section */

/* Begin XCBuildConfiguration section */
		FAEA85982A0E2276008CE020 /* Debug */ = {
			isa = XCBuildConfiguration;
			buildSettings = {
				ALWAYS_SEARCH_USER_PATHS = NO;
				CLANG_ANALYZER_NONNULL = YES;
				CLANG_ANALYZER_NUMBER_OBJECT_CONVERSION = YES_AGGRESSIVE;
				CLANG_CXX_LANGUAGE_STANDARD = "gnu++14";
				CLANG_CXX_LIBRARY = "libc++";
				CLANG_ENABLE_MODULES = YES;
				CLANG_ENABLE_OBJC_ARC = YES;
				CLANG_ENABLE_OBJC_WEAK = YES;
				CLANG_WARN_BLOCK_CAPTURE_AUTORELEASING = YES;
				CLANG_WARN_BOOL_CONVERSION = YES;
				CLANG_WARN_COMMA = YES;
				CLANG_WARN_CONSTANT_CONVERSION = YES;
				CLANG_WARN_DEPRECATED_OBJC_IMPLEMENTATIONS = YES;
				CLANG_WARN_DIRECT_OBJC_ISA_USAGE = YES_ERROR;
				CLANG_WARN_DOCUMENTATION_COMMENTS = YES;
				CLANG_WARN_EMPTY_BODY = YES;
				CLANG_WARN_ENUM_CONVERSION = YES;
				CLANG_WARN_INFINITE_RECURSION = YES;
				CLANG_WARN_INT_CONVERSION = YES;
				CLANG_WARN_NON_LITERAL_NULL_CONVERSION = YES;
				CLANG_WARN_OBJC_IMPLICIT_RETAIN_SELF = YES;
				CLANG_WARN_OBJC_LITERAL_CONVERSION = YES;
				CLANG_WARN_OBJC_ROOT_CLASS = YES_ERROR;
				CLANG_WARN_QUOTED_INCLUDE_IN_FRAMEWORK_HEADER = YES;
				CLANG_WARN_RANGE_LOOP_ANALYSIS = YES;
				CLANG_WARN_STRICT_PROTOTYPES = YES;
				CLANG_WARN_SUSPICIOUS_MOVE = YES;
				CLANG_WARN_UNGUARDED_AVAILABILITY = YES_AGGRESSIVE;
				CLANG_WARN_UNREACHABLE_CODE = YES;
				CLANG_WARN__DUPLICATE_METHOD_MATCH = YES;
				COPY_PHASE_STRIP = NO;
				DEBUG_INFORMATION_FORMAT = dwarf;
				ENABLE_STRICT_OBJC_MSGSEND = YES;
				ENABLE_TESTABILITY = YES;
				GCC_C_LANGUAGE_STANDARD = gnu11;
				GCC_DYNAMIC_NO_PIC = NO;
				GCC_NO_COMMON_BLOCKS = YES;
				GCC_OPTIMIZATION_LEVEL = 0;
				GCC_PREPROCESSOR_DEFINITIONS = (
					"DEBUG=1",
					"$(inherited)",
				);
				GCC_WARN_64_TO_32_BIT_CONVERSION = YES;
				GCC_WARN_ABOUT_RETURN_TYPE = YES_ERROR;
				GCC_WARN_UNDECLARED_SELECTOR = YES;
				GCC_WARN_UNINITIALIZED_AUTOS = YES_AGGRESSIVE;
				GCC_WARN_UNUSED_FUNCTION = YES;
				GCC_WARN_UNUSED_VARIABLE = YES;
				IPHONEOS_DEPLOYMENT_TARGET = 14.4;
				MTL_ENABLE_DEBUG_INFO = INCLUDE_SOURCE;
				MTL_FAST_MATH = YES;
				ONLY_ACTIVE_ARCH = YES;
				SDKROOT = iphoneos;
				SWIFT_ACTIVE_COMPILATION_CONDITIONS = DEBUG;
				SWIFT_OPTIMIZATION_LEVEL = "-Onone";
			};
			name = Debug;
		};
		FAEA85992A0E2276008CE020 /* Release */ = {
			isa = XCBuildConfiguration;
			buildSettings = {
				ALWAYS_SEARCH_USER_PATHS = NO;
				CLANG_ANALYZER_NONNULL = YES;
				CLANG_ANALYZER_NUMBER_OBJECT_CONVERSION = YES_AGGRESSIVE;
				CLANG_CXX_LANGUAGE_STANDARD = "gnu++14";
				CLANG_CXX_LIBRARY = "libc++";
				CLANG_ENABLE_MODULES = YES;
				CLANG_ENABLE_OBJC_ARC = YES;
				CLANG_ENABLE_OBJC_WEAK = YES;
				CLANG_WARN_BLOCK_CAPTURE_AUTORELEASING = YES;
				CLANG_WARN_BOOL_CONVERSION = YES;
				CLANG_WARN_COMMA = YES;
				CLANG_WARN_CONSTANT_CONVERSION = YES;
				CLANG_WARN_DEPRECATED_OBJC_IMPLEMENTATIONS = YES;
				CLANG_WARN_DIRECT_OBJC_ISA_USAGE = YES_ERROR;
				CLANG_WARN_DOCUMENTATION_COMMENTS = YES;
				CLANG_WARN_EMPTY_BODY = YES;
				CLANG_WARN_ENUM_CONVERSION = YES;
				CLANG_WARN_INFINITE_RECURSION = YES;
				CLANG_WARN_INT_CONVERSION = YES;
				CLANG_WARN_NON_LITERAL_NULL_CONVERSION = YES;
				CLANG_WARN_OBJC_IMPLICIT_RETAIN_SELF = YES;
				CLANG_WARN_OBJC_LITERAL_CONVERSION = YES;
				CLANG_WARN_OBJC_ROOT_CLASS = YES_ERROR;
				CLANG_WARN_QUOTED_INCLUDE_IN_FRAMEWORK_HEADER = YES;
				CLANG_WARN_RANGE_LOOP_ANALYSIS = YES;
				CLANG_WARN_STRICT_PROTOTYPES = YES;
				CLANG_WARN_SUSPICIOUS_MOVE = YES;
				CLANG_WARN_UNGUARDED_AVAILABILITY = YES_AGGRESSIVE;
				CLANG_WARN_UNREACHABLE_CODE = YES;
				CLANG_WARN__DUPLICATE_METHOD_MATCH = YES;
				COPY_PHASE_STRIP = NO;
				DEBUG_INFORMATION_FORMAT = "dwarf-with-dsym";
				ENABLE_NS_ASSERTIONS = NO;
				ENABLE_STRICT_OBJC_MSGSEND = YES;
				GCC_C_LANGUAGE_STANDARD = gnu11;
				GCC_NO_COMMON_BLOCKS = YES;
				GCC_WARN_64_TO_32_BIT_CONVERSION = YES;
				GCC_WARN_ABOUT_RETURN_TYPE = YES_ERROR;
				GCC_WARN_UNDECLARED_SELECTOR = YES;
				GCC_WARN_UNINITIALIZED_AUTOS = YES_AGGRESSIVE;
				GCC_WARN_UNUSED_FUNCTION = YES;
				GCC_WARN_UNUSED_VARIABLE = YES;
				IPHONEOS_DEPLOYMENT_TARGET = 14.4;
				MTL_ENABLE_DEBUG_INFO = NO;
				MTL_FAST_MATH = YES;
				SDKROOT = iphoneos;
				SWIFT_COMPILATION_MODE = wholemodule;
				SWIFT_OPTIMIZATION_LEVEL = "-O";
				VALIDATE_PRODUCT = YES;
			};
			name = Release;
		};
		FAEA859B2A0E2276008CE020 /* Debug */ = {
			isa = XCBuildConfiguration;
			buildSettings = {
				ASSETCATALOG_COMPILER_APPICON_NAME = AppIcon;
				ASSETCATALOG_COMPILER_GLOBAL_ACCENT_COLOR_NAME = AccentColor;
				CODE_SIGN_STYLE = Automatic;
				DEVELOPMENT_ASSET_PATHS = "\"DTSApp/Preview Content\"";
				ENABLE_PREVIEWS = YES;
				INFOPLIST_FILE = DTSApp/Info.plist;
				IPHONEOS_DEPLOYMENT_TARGET = 14.0;
				LD_RUNPATH_SEARCH_PATHS = (
					"$(inherited)",
					"@executable_path/Frameworks",
				);
				PRODUCT_BUNDLE_IDENTIFIER = co.mine.DTSApp;
				PRODUCT_NAME = "$(TARGET_NAME)";
				SWIFT_VERSION = 5.0;
				TARGETED_DEVICE_FAMILY = "1,2";
			};
			name = Debug;
		};
		FAEA859C2A0E2276008CE020 /* Release */ = {
			isa = XCBuildConfiguration;
			buildSettings = {
				ASSETCATALOG_COMPILER_APPICON_NAME = AppIcon;
				ASSETCATALOG_COMPILER_GLOBAL_ACCENT_COLOR_NAME = AccentColor;
				CODE_SIGN_STYLE = Automatic;
				DEVELOPMENT_ASSET_PATHS = "\"DTSApp/Preview Content\"";
				ENABLE_PREVIEWS = YES;
				INFOPLIST_FILE = DTSApp/Info.plist;
				IPHONEOS_DEPLOYMENT_TARGET = 14.0;
				LD_RUNPATH_SEARCH_PATHS = (
					"$(inherited)",
					"@executable_path/Frameworks",
				);
				PRODUCT_BUNDLE_IDENTIFIER = co.mine.DTSApp;
				PRODUCT_NAME = "$(TARGET_NAME)";
				SWIFT_VERSION = 5.0;
				TARGETED_DEVICE_FAMILY = "1,2";
			};
			name = Release;
		};
/* End XCBuildConfiguration section */

/* Begin XCConfigurationList section */
		FAEA85862A0E2269008CE020 /* Build configuration list for PBXProject "DTSApp" */ = {
			isa = XCConfigurationList;
			buildConfigurations = (
				FAEA85982A0E2276008CE020 /* Debug */,
				FAEA85992A0E2276008CE020 /* Release */,
			);
			defaultConfigurationIsVisible = 0;
			defaultConfigurationName = Release;
		};
		FAEA859A2A0E2276008CE020 /* Build configuration list for PBXNativeTarget "DTSApp" */ = {
			isa = XCConfigurationList;
			buildConfigurations = (
				FAEA859B2A0E2276008CE020 /* Debug */,
				FAEA859C2A0E2276008CE020 /* Release */,
			);
			defaultConfigurationIsVisible = 0;
			defaultConfigurationName = Release;
		};
/* End XCConfigurationList section */
	};
	rootObject = FAEA85832A0E2269008CE020 /* Project object */;
}
